
Microsoft Visual Studio Solution File, Format Version 12.00
# Visual Studio 15
VisualStudioVersion = 15.0.27703.2047
MinimumVisualStudioVersion = 10.0.40219.1
Project("{FAE04EC0-301F-11D3-BF4B-00C04F79EFBC}") = "Ders2App", "Ders2App\Ders2App.csproj", "{7650E0E0-D252-42D5-813A-78013AF5103D}"
EndProject
Global
	GlobalSection(SolutionConfigurationPlatforms) = preSolution
		Debug|Any CPU = Debug|Any CPU
		Release|Any CPU = Release|Any CPU
	EndGlobalSection
	GlobalSection(ProjectConfigurationPlatforms) = postSolution
		{7650E0E0-D252-42D5-813A-78013AF5103D}.Debug|Any CPU.ActiveCfg = Debug|Any CPU
		{7650E0E0-D252-42D5-813A-78013AF5103D}.Debug|Any CPU.Build.0 = Debug|Any CPU
		{7650E0E0-D252-42D5-813A-78013AF5103D}.Release|Any CPU.ActiveCfg = Release|Any CPU
		{7650E0E0-D252-42D5-813A-78013AF5103D}.Release|Any CPU.Build.0 = Release|Any CPU
	EndGlobalSection
	GlobalSection(SolutionProperties) = preSolution
		HideSolutionNode = FALSE
	EndGlobalSection
	GlobalSection(ExtensibilityGlobals) = postSolution
		SolutionGuid = {E4E7B791-2AE3-47DB-9552-00580D45656D}
	EndGlobalSection
EndGlobal
